
Microsoft Visual Studio Solution File, Format Version 12.00
# Visual Studio Version 17
VisualStudioVersion = 17.8.34322.80
MinimumVisualStudioVersion = 10.0.40219.1
Project("{2150E333-8FDC-42A3-9474-1A3956D46DE8}") = "1.Domain", "1.Domain", "{7ACFC160-4821-41A8-8B14-ACA21A495253}"
EndProject
Project("{2150E333-8FDC-42A3-9474-1A3956D46DE8}") = "2.Infra", "2.Infra", "{5107719E-EC90-4016-8102-683108D33D04}"
EndProject
Project("{2150E333-8FDC-42A3-9474-1A3956D46DE8}") = "3.Application", "3.Application", "{4F589588-B7AB-4262-96FC-448C91B74C0D}"
EndProject
Project("{2150E333-8FDC-42A3-9474-1A3956D46DE8}") = "4.EndPoints", "4.EndPoints", "{003E4F47-5B60-4B5E-8938-7E877B8C9EF9}"
EndProject
Project("{FAE04EC0-301F-11D3-BF4B-00C04F79EFBC}") = "Cms.Domain", "Domain\Cms.Domain\Cms.Domain.csproj", "{628B56AC-064F-40AD-A3F0-A916A3E4EFD6}"
EndProject
Project("{FAE04EC0-301F-11D3-BF4B-00C04F79EFBC}") = "Cms.Infra", "Infra\Cms.Infra\Cms.Infra.csproj", "{FC967630-3F44-41FE-8C46-3A09006E621B}"
EndProject
Project("{FAE04EC0-301F-11D3-BF4B-00C04F79EFBC}") = "Cmd.Application", "Application\Cmd.Application\Cmd.Application.csproj", "{FD40CEFE-E261-4005-B112-4825132DED84}"
EndProject
Project("{FAE04EC0-301F-11D3-BF4B-00C04F79EFBC}") = "Cms.Endpoints.Admin", "EndPoints\Cms.Endpoints.Admin\Cms.Endpoints.Admin.csproj", "{A493090D-2858-4131-9164-456BD0D8000C}"
EndProject
Project("{FAE04EC0-301F-11D3-BF4B-00C04F79EFBC}") = "Cms.Endpoints.Web", "EndPoints\Cms.Endpoints.Web\Cms.Endpoints.Web.csproj", "{60DF0CD9-31AA-4098-9B38-8F0ED56D74F6}"
EndProject
Global
	GlobalSection(SolutionConfigurationPlatforms) = preSolution
		Debug|Any CPU = Debug|Any CPU
		Release|Any CPU = Release|Any CPU
	EndGlobalSection
	GlobalSection(ProjectConfigurationPlatforms) = postSolution
		{628B56AC-064F-40AD-A3F0-A916A3E4EFD6}.Debug|Any CPU.ActiveCfg = Debug|Any CPU
		{628B56AC-064F-40AD-A3F0-A916A3E4EFD6}.Debug|Any CPU.Build.0 = Debug|Any CPU
		{628B56AC-064F-40AD-A3F0-A916A3E4EFD6}.Release|Any CPU.ActiveCfg = Release|Any CPU
		{628B56AC-064F-40AD-A3F0-A916A3E4EFD6}.Release|Any CPU.Build.0 = Release|Any CPU
		{FC967630-3F44-41FE-8C46-3A09006E621B}.Debug|Any CPU.ActiveCfg = Debug|Any CPU
		{FC967630-3F44-41FE-8C46-3A09006E621B}.Debug|Any CPU.Build.0 = Debug|Any CPU
		{FC967630-3F44-41FE-8C46-3A09006E621B}.Release|Any CPU.ActiveCfg = Release|Any CPU
		{FC967630-3F44-41FE-8C46-3A09006E621B}.Release|Any CPU.Build.0 = Release|Any CPU
		{FD40CEFE-E261-4005-B112-4825132DED84}.Debug|Any CPU.ActiveCfg = Debug|Any CPU
		{FD40CEFE-E261-4005-B112-4825132DED84}.Debug|Any CPU.Build.0 = Debug|Any CPU
		{FD40CEFE-E261-4005-B112-4825132DED84}.Release|Any CPU.ActiveCfg = Release|Any CPU
		{FD40CEFE-E261-4005-B112-4825132DED84}.Release|Any CPU.Build.0 = Release|Any CPU
		{A493090D-2858-4131-9164-456BD0D8000C}.Debug|Any CPU.ActiveCfg = Debug|Any CPU
		{A493090D-2858-4131-9164-456BD0D8000C}.Debug|Any CPU.Build.0 = Debug|Any CPU
		{A493090D-2858-4131-9164-456BD0D8000C}.Release|Any CPU.ActiveCfg = Release|Any CPU
		{A493090D-2858-4131-9164-456BD0D8000C}.Release|Any CPU.Build.0 = Release|Any CPU
		{60DF0CD9-31AA-4098-9B38-8F0ED56D74F6}.Debug|Any CPU.ActiveCfg = Debug|Any CPU
		{60DF0CD9-31AA-4098-9B38-8F0ED56D74F6}.Debug|Any CPU.Build.0 = Debug|Any CPU
		{60DF0CD9-31AA-4098-9B38-8F0ED56D74F6}.Release|Any CPU.ActiveCfg = Release|Any CPU
		{60DF0CD9-31AA-4098-9B38-8F0ED56D74F6}.Release|Any CPU.Build.0 = Release|Any CPU
	EndGlobalSection
	GlobalSection(SolutionProperties) = preSolution
		HideSolutionNode = FALSE
	EndGlobalSection
	GlobalSection(NestedProjects) = preSolution
		{628B56AC-064F-40AD-A3F0-A916A3E4EFD6} = {7ACFC160-4821-41A8-8B14-ACA21A495253}
		{FC967630-3F44-41FE-8C46-3A09006E621B} = {5107719E-EC90-4016-8102-683108D33D04}
		{FD40CEFE-E261-4005-B112-4825132DED84} = {4F589588-B7AB-4262-96FC-448C91B74C0D}
		{A493090D-2858-4131-9164-456BD0D8000C} = {003E4F47-5B60-4B5E-8938-7E877B8C9EF9}
		{60DF0CD9-31AA-4098-9B38-8F0ED56D74F6} = {003E4F47-5B60-4B5E-8938-7E877B8C9EF9}
	EndGlobalSection
	GlobalSection(ExtensibilityGlobals) = postSolution
		SolutionGuid = {1F21D2FE-DDD8-42A9-91EC-33DA8AE7D4D1}
	EndGlobalSection
EndGlobal
