
Microsoft Visual Studio Solution File, Format Version 12.00
# Visual Studio Version 17
VisualStudioVersion = 17.8.34322.80
MinimumVisualStudioVersion = 10.0.40219.1
Project("{2150E333-8FDC-42A3-9474-1A3956D46DE8}") = "1.Domain", "1.Domain", "{7ACFC160-4821-41A8-8B14-ACA21A495253}"
EndProject
Project("{2150E333-8FDC-42A3-9474-1A3956D46DE8}") = "2.Infra", "2.Infra", "{5107719E-EC90-4016-8102-683108D33D04}"
EndProject
Project("{2150E333-8FDC-42A3-9474-1A3956D46DE8}") = "3.Application", "3.Application", "{4F589588-B7AB-4262-96FC-448C91B74C0D}"
EndProject
Project("{2150E333-8FDC-42A3-9474-1A3956D46DE8}") = "4.EndPoints", "4.EndPoints", "{003E4F47-5B60-4B5E-8938-7E877B8C9EF9}"
EndProject
Project("{2150E333-8FDC-42A3-9474-1A3956D46DE8}") = "Src", "Src", "{7883E994-421C-49E9-BF30-B490142A06E6}"
EndProject
Project("{2150E333-8FDC-42A3-9474-1A3956D46DE8}") = "Identity", "Identity", "{444A38ED-4633-4840-93B9-6EAAB5D61597}"
EndProject
Project("{9A19103F-16F7-4668-BE54-9A1E7A4F7556}") = "Cms.Domain", "Src\Domain\Cms.Domain\Cms.Domain.csproj", "{43CA0BDA-0444-4A86-AC1A-09F8FB083CB7}"
EndProject
Project("{9A19103F-16F7-4668-BE54-9A1E7A4F7556}") = "Cms.Infra", "Src\Infra\Cms.Infra\Cms.Infra.csproj", "{E4E85BF4-7F6D-4C45-9616-7C4D56751FA9}"
EndProject
Project("{9A19103F-16F7-4668-BE54-9A1E7A4F7556}") = "Cmd.Application", "Src\Application\Cmd.Application\Cmd.Application.csproj", "{E4B92B5F-3648-4212-92C7-D3E895BB49B7}"
EndProject
Project("{9A19103F-16F7-4668-BE54-9A1E7A4F7556}") = "Cms.Endpoints.Admin", "Src\EndPoints\Cms.Endpoints.Admin\Cms.Endpoints.Admin.csproj", "{E3AE6CF7-2887-4532-B4F5-87BD738D0140}"
EndProject
Project("{9A19103F-16F7-4668-BE54-9A1E7A4F7556}") = "Cms.Endpoints.Site", "Src\EndPoints\Cms.Endpoints.Site\Cms.Endpoints.Site.csproj", "{CE131E2D-FFD6-44F1-A87E-B4AC731E589B}"
EndProject
Project("{2150E333-8FDC-42A3-9474-1A3956D46DE8}") = "FileManager", "FileManager", "{2C1E5184-6976-49FE-9261-4DB5DBDEC119}"
EndProject
Project("{9A19103F-16F7-4668-BE54-9A1E7A4F7556}") = "FileManager", "FileManager\FileManager\FileManager.csproj", "{BF28DFB5-1C18-4FC5-A3BD-2E99838E5B88}"
EndProject
Project("{FAE04EC0-301F-11D3-BF4B-00C04F79EFBC}") = "Cms.Identity", "Identity\Cms.Identity\Cms.Identity.csproj", "{DF2429A6-3F6D-415B-B2CA-64E281E78404}"
EndProject
Global
	GlobalSection(SolutionConfigurationPlatforms) = preSolution
		Debug|Any CPU = Debug|Any CPU
		Release|Any CPU = Release|Any CPU
	EndGlobalSection
	GlobalSection(ProjectConfigurationPlatforms) = postSolution
		{43CA0BDA-0444-4A86-AC1A-09F8FB083CB7}.Debug|Any CPU.ActiveCfg = Debug|Any CPU
		{43CA0BDA-0444-4A86-AC1A-09F8FB083CB7}.Debug|Any CPU.Build.0 = Debug|Any CPU
		{43CA0BDA-0444-4A86-AC1A-09F8FB083CB7}.Release|Any CPU.ActiveCfg = Release|Any CPU
		{43CA0BDA-0444-4A86-AC1A-09F8FB083CB7}.Release|Any CPU.Build.0 = Release|Any CPU
		{E4E85BF4-7F6D-4C45-9616-7C4D56751FA9}.Debug|Any CPU.ActiveCfg = Debug|Any CPU
		{E4E85BF4-7F6D-4C45-9616-7C4D56751FA9}.Debug|Any CPU.Build.0 = Debug|Any CPU
		{E4E85BF4-7F6D-4C45-9616-7C4D56751FA9}.Release|Any CPU.ActiveCfg = Release|Any CPU
		{E4E85BF4-7F6D-4C45-9616-7C4D56751FA9}.Release|Any CPU.Build.0 = Release|Any CPU
		{E4B92B5F-3648-4212-92C7-D3E895BB49B7}.Debug|Any CPU.ActiveCfg = Debug|Any CPU
		{E4B92B5F-3648-4212-92C7-D3E895BB49B7}.Debug|Any CPU.Build.0 = Debug|Any CPU
		{E4B92B5F-3648-4212-92C7-D3E895BB49B7}.Release|Any CPU.ActiveCfg = Release|Any CPU
		{E4B92B5F-3648-4212-92C7-D3E895BB49B7}.Release|Any CPU.Build.0 = Release|Any CPU
		{E3AE6CF7-2887-4532-B4F5-87BD738D0140}.Debug|Any CPU.ActiveCfg = Debug|Any CPU
		{E3AE6CF7-2887-4532-B4F5-87BD738D0140}.Debug|Any CPU.Build.0 = Debug|Any CPU
		{E3AE6CF7-2887-4532-B4F5-87BD738D0140}.Release|Any CPU.ActiveCfg = Release|Any CPU
		{E3AE6CF7-2887-4532-B4F5-87BD738D0140}.Release|Any CPU.Build.0 = Release|Any CPU
		{CE131E2D-FFD6-44F1-A87E-B4AC731E589B}.Debug|Any CPU.ActiveCfg = Debug|Any CPU
		{CE131E2D-FFD6-44F1-A87E-B4AC731E589B}.Debug|Any CPU.Build.0 = Debug|Any CPU
		{CE131E2D-FFD6-44F1-A87E-B4AC731E589B}.Release|Any CPU.ActiveCfg = Release|Any CPU
		{CE131E2D-FFD6-44F1-A87E-B4AC731E589B}.Release|Any CPU.Build.0 = Release|Any CPU
		{BF28DFB5-1C18-4FC5-A3BD-2E99838E5B88}.Debug|Any CPU.ActiveCfg = Debug|Any CPU
		{BF28DFB5-1C18-4FC5-A3BD-2E99838E5B88}.Debug|Any CPU.Build.0 = Debug|Any CPU
		{BF28DFB5-1C18-4FC5-A3BD-2E99838E5B88}.Release|Any CPU.ActiveCfg = Release|Any CPU
		{BF28DFB5-1C18-4FC5-A3BD-2E99838E5B88}.Release|Any CPU.Build.0 = Release|Any CPU
		{DF2429A6-3F6D-415B-B2CA-64E281E78404}.Debug|Any CPU.ActiveCfg = Debug|Any CPU
		{DF2429A6-3F6D-415B-B2CA-64E281E78404}.Debug|Any CPU.Build.0 = Debug|Any CPU
		{DF2429A6-3F6D-415B-B2CA-64E281E78404}.Release|Any CPU.ActiveCfg = Release|Any CPU
		{DF2429A6-3F6D-415B-B2CA-64E281E78404}.Release|Any CPU.Build.0 = Release|Any CPU
	EndGlobalSection
	GlobalSection(SolutionProperties) = preSolution
		HideSolutionNode = FALSE
	EndGlobalSection
	GlobalSection(NestedProjects) = preSolution
		{7ACFC160-4821-41A8-8B14-ACA21A495253} = {7883E994-421C-49E9-BF30-B490142A06E6}
		{5107719E-EC90-4016-8102-683108D33D04} = {7883E994-421C-49E9-BF30-B490142A06E6}
		{4F589588-B7AB-4262-96FC-448C91B74C0D} = {7883E994-421C-49E9-BF30-B490142A06E6}
		{003E4F47-5B60-4B5E-8938-7E877B8C9EF9} = {7883E994-421C-49E9-BF30-B490142A06E6}
		{43CA0BDA-0444-4A86-AC1A-09F8FB083CB7} = {7ACFC160-4821-41A8-8B14-ACA21A495253}
		{E4E85BF4-7F6D-4C45-9616-7C4D56751FA9} = {5107719E-EC90-4016-8102-683108D33D04}
		{E4B92B5F-3648-4212-92C7-D3E895BB49B7} = {4F589588-B7AB-4262-96FC-448C91B74C0D}
		{E3AE6CF7-2887-4532-B4F5-87BD738D0140} = {003E4F47-5B60-4B5E-8938-7E877B8C9EF9}
		{CE131E2D-FFD6-44F1-A87E-B4AC731E589B} = {003E4F47-5B60-4B5E-8938-7E877B8C9EF9}
		{BF28DFB5-1C18-4FC5-A3BD-2E99838E5B88} = {2C1E5184-6976-49FE-9261-4DB5DBDEC119}
		{DF2429A6-3F6D-415B-B2CA-64E281E78404} = {444A38ED-4633-4840-93B9-6EAAB5D61597}
	EndGlobalSection
	GlobalSection(ExtensibilityGlobals) = postSolution
		SolutionGuid = {1F21D2FE-DDD8-42A9-91EC-33DA8AE7D4D1}
	EndGlobalSection
EndGlobal
